
Microsoft Visual Studio Solution File, Format Version 12.00
# Visual Studio Version 17
VisualStudioVersion = 17.5.33502.453
MinimumVisualStudioVersion = 10.0.40219.1
Project("{FAE04EC0-301F-11D3-BF4B-00C04F79EFBC}") = "Lab1.1", "Lab1.1\Lab1.1.csproj", "{8E108BC7-0D36-4654-A98B-8654F68B552E}"
EndProject
Global
	GlobalSection(SolutionConfigurationPlatforms) = preSolution
		Debug|Any CPU = Debug|Any CPU
		Release|Any CPU = Release|Any CPU
	EndGlobalSection
	GlobalSection(ProjectConfigurationPlatforms) = postSolution
		{8E108BC7-0D36-4654-A98B-8654F68B552E}.Debug|Any CPU.ActiveCfg = Debug|Any CPU
		{8E108BC7-0D36-4654-A98B-8654F68B552E}.Debug|Any CPU.Build.0 = Debug|Any CPU
		{8E108BC7-0D36-4654-A98B-8654F68B552E}.Release|Any CPU.ActiveCfg = Release|Any CPU
		{8E108BC7-0D36-4654-A98B-8654F68B552E}.Release|Any CPU.Build.0 = Release|Any CPU
	EndGlobalSection
	GlobalSection(SolutionProperties) = preSolution
		HideSolutionNode = FALSE
	EndGlobalSection
	GlobalSection(ExtensibilityGlobals) = postSolution
		SolutionGuid = {DEDD7436-4B0C-47FC-9F5F-CB220929443B}
	EndGlobalSection
EndGlobal
